
Microsoft Visual Studio Solution File, Format Version 12.00
# Visual Studio 2017
Project("{FAE04EC0-301F-11D3-BF4B-00C04F79EFBC}") = "GGJProject", "GGJProject.csproj", "{DCF28861-E66E-BC2C-C158-B46B84E0C736}"
EndProject
Project("{FAE04EC0-301F-11D3-BF4B-00C04F79EFBC}") = "GGJProject.Editor", "GGJProject.Editor.csproj", "{0063E5AE-8045-74E9-63FA-290EF3D11D32}"
EndProject
Global
	GlobalSection(SolutionConfigurationPlatforms) = preSolution
		Debug|Any CPU = Debug|Any CPU
		Release|Any CPU = Release|Any CPU
	EndGlobalSection
	GlobalSection(ProjectConfigurationPlatforms) = postSolution
		{DCF28861-E66E-BC2C-C158-B46B84E0C736}.Debug|Any CPU.ActiveCfg = Debug|Any CPU
		{DCF28861-E66E-BC2C-C158-B46B84E0C736}.Debug|Any CPU.Build.0 = Debug|Any CPU
		{DCF28861-E66E-BC2C-C158-B46B84E0C736}.Release|Any CPU.ActiveCfg = Release|Any CPU
		{DCF28861-E66E-BC2C-C158-B46B84E0C736}.Release|Any CPU.Build.0 = Release|Any CPU
		{0063E5AE-8045-74E9-63FA-290EF3D11D32}.Debug|Any CPU.ActiveCfg = Debug|Any CPU
		{0063E5AE-8045-74E9-63FA-290EF3D11D32}.Debug|Any CPU.Build.0 = Debug|Any CPU
		{0063E5AE-8045-74E9-63FA-290EF3D11D32}.Release|Any CPU.ActiveCfg = Release|Any CPU
		{0063E5AE-8045-74E9-63FA-290EF3D11D32}.Release|Any CPU.Build.0 = Release|Any CPU
	EndGlobalSection
	GlobalSection(SolutionProperties) = preSolution
		HideSolutionNode = FALSE
	EndGlobalSection
EndGlobal
